
Microsoft Visual Studio Solution File, Format Version 11.00
# Visual Studio 2010
Project("{8BC9CEB8-8B4A-11D0-8D11-00A0C91BC942}") = "Core", "src\Core\Core.vcxproj", "{9E126203-FE50-4ECE-9969-198F2391FBC4}"
	ProjectSection(ProjectDependencies) = postProject
		{65AA3E79-8346-4DC1-81C8-AF40AE2A12B2} = {65AA3E79-8346-4DC1-81C8-AF40AE2A12B2}
	EndProjectSection
EndProject
Project("{8BC9CEB8-8B4A-11D0-8D11-00A0C91BC942}") = "Composition", "src\Composition\Composition.vcxproj", "{6DF57BBF-E4EF-4163-9148-CC4B319EA836}"
	ProjectSection(ProjectDependencies) = postProject
		{65AA3E79-8346-4DC1-81C8-AF40AE2A12B2} = {65AA3E79-8346-4DC1-81C8-AF40AE2A12B2}
	EndProjectSection
EndProject
Project("{8BC9CEB8-8B4A-11D0-8D11-00A0C91BC942}") = "Utilities", "src\Utilities\Utilities.vcxproj", "{65AA3E79-8346-4DC1-81C8-AF40AE2A12B2}"
EndProject
Project("{8BC9CEB8-8B4A-11D0-8D11-00A0C91BC942}") = "Math", "src\math\Math.vcxproj", "{17BA5F90-069E-4029-B1BD-6C741D7FB794}"
EndProject
Project("{8BC9CEB8-8B4A-11D0-8D11-00A0C91BC942}") = "Containers", "src\Containers\Containers.vcxproj", "{2F9F41AE-F7FF-4DE6-ADA2-035279804FC9}"
EndProject
Project("{8BC9CEB8-8B4A-11D0-8D11-00A0C91BC942}") = "Meta", "src\Meta\Meta.vcxproj", "{EA4F15E6-1433-4F2E-8CA9-0E721FE8B90F}"
EndProject
Project("{8BC9CEB8-8B4A-11D0-8D11-00A0C91BC942}") = "FileIO", "src\FileIO\FileIO.vcxproj", "{ADEFF98F-FCF7-4FF7-9FA9-108AC33A59FA}"
EndProject
Project("{8BC9CEB8-8B4A-11D0-8D11-00A0C91BC942}") = "Resource", "src\Resource\Resource.vcxproj", "{476170E2-DD0C-4A6A-BAA3-2D32FAA2FCA3}"
EndProject
Project("{8BC9CEB8-8B4A-11D0-8D11-00A0C91BC942}") = "Python", "src\Python\Python.vcxproj", "{C2194039-185C-4818-9F38-AC4F4C58AE8F}"
	ProjectSection(ProjectDependencies) = postProject
		{9E126203-FE50-4ECE-9969-198F2391FBC4} = {9E126203-FE50-4ECE-9969-198F2391FBC4}
		{2F9F41AE-F7FF-4DE6-ADA2-035279804FC9} = {2F9F41AE-F7FF-4DE6-ADA2-035279804FC9}
		{6DF57BBF-E4EF-4163-9148-CC4B319EA836} = {6DF57BBF-E4EF-4163-9148-CC4B319EA836}
		{EA4F15E6-1433-4F2E-8CA9-0E721FE8B90F} = {EA4F15E6-1433-4F2E-8CA9-0E721FE8B90F}
	EndProjectSection
EndProject
Project("{8BC9CEB8-8B4A-11D0-8D11-00A0C91BC942}") = "Physics", "src\Physics\Physics.vcxproj", "{2FB4F56A-83F5-4630-BAE3-5266443D089B}"
EndProject
Project("{8BC9CEB8-8B4A-11D0-8D11-00A0C91BC942}") = "Tile", "src\Tile\Tile.vcxproj", "{B4487396-4E09-4ED0-8935-2370B32D60EF}"
EndProject
Project("{8BC9CEB8-8B4A-11D0-8D11-00A0C91BC942}") = "Input", "src\Input\Input.vcxproj", "{38B05569-3A7A-45A7-93CD-F4C384CFA4DC}"
EndProject
Project("{8BC9CEB8-8B4A-11D0-8D11-00A0C91BC942}") = "Logic", "src\Logic\Logic.vcxproj", "{380694DC-5AD3-440C-9AA3-26C5F101E664}"
EndProject
Project("{8BC9CEB8-8B4A-11D0-8D11-00A0C91BC942}") = "Graphics", "src\Graphics\Graphics.vcxproj", "{2824705E-AB0A-4BA6-A007-B2E6BB921A94}"
EndProject
Project("{8BC9CEB8-8B4A-11D0-8D11-00A0C91BC942}") = "LevelEditor", "src\LevelEditor\LevelEditor.vcxproj", "{817002CF-6DD8-4AE8-8739-4A2F328BB078}"
	ProjectSection(ProjectDependencies) = postProject
		{2824705E-AB0A-4BA6-A007-B2E6BB921A94} = {2824705E-AB0A-4BA6-A007-B2E6BB921A94}
		{38B05569-3A7A-45A7-93CD-F4C384CFA4DC} = {38B05569-3A7A-45A7-93CD-F4C384CFA4DC}
		{65AA3E79-8346-4DC1-81C8-AF40AE2A12B2} = {65AA3E79-8346-4DC1-81C8-AF40AE2A12B2}
		{ADEFF98F-FCF7-4FF7-9FA9-108AC33A59FA} = {ADEFF98F-FCF7-4FF7-9FA9-108AC33A59FA}
		{2F9F41AE-F7FF-4DE6-ADA2-035279804FC9} = {2F9F41AE-F7FF-4DE6-ADA2-035279804FC9}
		{6DF57BBF-E4EF-4163-9148-CC4B319EA836} = {6DF57BBF-E4EF-4163-9148-CC4B319EA836}
		{476170E2-DD0C-4A6A-BAA3-2D32FAA2FCA3} = {476170E2-DD0C-4A6A-BAA3-2D32FAA2FCA3}
		{631C22E5-5A99-499B-827F-E14D14B8B85F} = {631C22E5-5A99-499B-827F-E14D14B8B85F}
	EndProjectSection
EndProject
Project("{8BC9CEB8-8B4A-11D0-8D11-00A0C91BC942}") = "Sound", "src\Sound\Sound.vcxproj", "{E935334B-6F06-4A58-9E0A-72A775029ADC}"
	ProjectSection(ProjectDependencies) = postProject
		{9E126203-FE50-4ECE-9969-198F2391FBC4} = {9E126203-FE50-4ECE-9969-198F2391FBC4}
		{ADEFF98F-FCF7-4FF7-9FA9-108AC33A59FA} = {ADEFF98F-FCF7-4FF7-9FA9-108AC33A59FA}
		{6DF57BBF-E4EF-4163-9148-CC4B319EA836} = {6DF57BBF-E4EF-4163-9148-CC4B319EA836}
		{476170E2-DD0C-4A6A-BAA3-2D32FAA2FCA3} = {476170E2-DD0C-4A6A-BAA3-2D32FAA2FCA3}
	EndProjectSection
EndProject
Project("{8BC9CEB8-8B4A-11D0-8D11-00A0C91BC942}") = "Subduction", "src\Subduction\Subduction.vcxproj", "{B44D2BBE-7B57-40F8-88D8-014C9D227AB7}"
EndProject
Project("{8BC9CEB8-8B4A-11D0-8D11-00A0C91BC942}") = "UISystem", "src\UISystem\UISystem.vcxproj", "{631C22E5-5A99-499B-827F-E14D14B8B85F}"
EndProject
Global
	GlobalSection(SolutionConfigurationPlatforms) = preSolution
		Debug|Win32 = Debug|Win32
		Release|Win32 = Release|Win32
	EndGlobalSection
	GlobalSection(ProjectConfigurationPlatforms) = postSolution
		{9E126203-FE50-4ECE-9969-198F2391FBC4}.Debug|Win32.ActiveCfg = Debug|Win32
		{9E126203-FE50-4ECE-9969-198F2391FBC4}.Debug|Win32.Build.0 = Debug|Win32
		{9E126203-FE50-4ECE-9969-198F2391FBC4}.Release|Win32.ActiveCfg = Release|Win32
		{9E126203-FE50-4ECE-9969-198F2391FBC4}.Release|Win32.Build.0 = Release|Win32
		{6DF57BBF-E4EF-4163-9148-CC4B319EA836}.Debug|Win32.ActiveCfg = Debug|Win32
		{6DF57BBF-E4EF-4163-9148-CC4B319EA836}.Debug|Win32.Build.0 = Debug|Win32
		{6DF57BBF-E4EF-4163-9148-CC4B319EA836}.Release|Win32.ActiveCfg = Release|Win32
		{6DF57BBF-E4EF-4163-9148-CC4B319EA836}.Release|Win32.Build.0 = Release|Win32
		{65AA3E79-8346-4DC1-81C8-AF40AE2A12B2}.Debug|Win32.ActiveCfg = Debug|Win32
		{65AA3E79-8346-4DC1-81C8-AF40AE2A12B2}.Debug|Win32.Build.0 = Debug|Win32
		{65AA3E79-8346-4DC1-81C8-AF40AE2A12B2}.Release|Win32.ActiveCfg = Release|Win32
		{65AA3E79-8346-4DC1-81C8-AF40AE2A12B2}.Release|Win32.Build.0 = Release|Win32
		{17BA5F90-069E-4029-B1BD-6C741D7FB794}.Debug|Win32.ActiveCfg = Debug|Win32
		{17BA5F90-069E-4029-B1BD-6C741D7FB794}.Debug|Win32.Build.0 = Debug|Win32
		{17BA5F90-069E-4029-B1BD-6C741D7FB794}.Release|Win32.ActiveCfg = Release|Win32
		{17BA5F90-069E-4029-B1BD-6C741D7FB794}.Release|Win32.Build.0 = Release|Win32
		{2F9F41AE-F7FF-4DE6-ADA2-035279804FC9}.Debug|Win32.ActiveCfg = Debug|Win32
		{2F9F41AE-F7FF-4DE6-ADA2-035279804FC9}.Debug|Win32.Build.0 = Debug|Win32
		{2F9F41AE-F7FF-4DE6-ADA2-035279804FC9}.Release|Win32.ActiveCfg = Release|Win32
		{2F9F41AE-F7FF-4DE6-ADA2-035279804FC9}.Release|Win32.Build.0 = Release|Win32
		{EA4F15E6-1433-4F2E-8CA9-0E721FE8B90F}.Debug|Win32.ActiveCfg = Debug|Win32
		{EA4F15E6-1433-4F2E-8CA9-0E721FE8B90F}.Debug|Win32.Build.0 = Debug|Win32
		{EA4F15E6-1433-4F2E-8CA9-0E721FE8B90F}.Release|Win32.ActiveCfg = Release|Win32
		{EA4F15E6-1433-4F2E-8CA9-0E721FE8B90F}.Release|Win32.Build.0 = Release|Win32
		{ADEFF98F-FCF7-4FF7-9FA9-108AC33A59FA}.Debug|Win32.ActiveCfg = Debug|Win32
		{ADEFF98F-FCF7-4FF7-9FA9-108AC33A59FA}.Debug|Win32.Build.0 = Debug|Win32
		{ADEFF98F-FCF7-4FF7-9FA9-108AC33A59FA}.Release|Win32.ActiveCfg = Release|Win32
		{ADEFF98F-FCF7-4FF7-9FA9-108AC33A59FA}.Release|Win32.Build.0 = Release|Win32
		{476170E2-DD0C-4A6A-BAA3-2D32FAA2FCA3}.Debug|Win32.ActiveCfg = Debug|Win32
		{476170E2-DD0C-4A6A-BAA3-2D32FAA2FCA3}.Debug|Win32.Build.0 = Debug|Win32
		{476170E2-DD0C-4A6A-BAA3-2D32FAA2FCA3}.Release|Win32.ActiveCfg = Release|Win32
		{476170E2-DD0C-4A6A-BAA3-2D32FAA2FCA3}.Release|Win32.Build.0 = Release|Win32
		{C2194039-185C-4818-9F38-AC4F4C58AE8F}.Debug|Win32.ActiveCfg = Debug|Win32
		{C2194039-185C-4818-9F38-AC4F4C58AE8F}.Debug|Win32.Build.0 = Debug|Win32
		{C2194039-185C-4818-9F38-AC4F4C58AE8F}.Release|Win32.ActiveCfg = Release|Win32
		{C2194039-185C-4818-9F38-AC4F4C58AE8F}.Release|Win32.Build.0 = Release|Win32
		{2FB4F56A-83F5-4630-BAE3-5266443D089B}.Debug|Win32.ActiveCfg = Debug|Win32
		{2FB4F56A-83F5-4630-BAE3-5266443D089B}.Debug|Win32.Build.0 = Debug|Win32
		{2FB4F56A-83F5-4630-BAE3-5266443D089B}.Release|Win32.ActiveCfg = Release|Win32
		{2FB4F56A-83F5-4630-BAE3-5266443D089B}.Release|Win32.Build.0 = Release|Win32
		{B4487396-4E09-4ED0-8935-2370B32D60EF}.Debug|Win32.ActiveCfg = Debug|Win32
		{B4487396-4E09-4ED0-8935-2370B32D60EF}.Debug|Win32.Build.0 = Debug|Win32
		{B4487396-4E09-4ED0-8935-2370B32D60EF}.Release|Win32.ActiveCfg = Release|Win32
		{B4487396-4E09-4ED0-8935-2370B32D60EF}.Release|Win32.Build.0 = Release|Win32
		{38B05569-3A7A-45A7-93CD-F4C384CFA4DC}.Debug|Win32.ActiveCfg = Debug|Win32
		{38B05569-3A7A-45A7-93CD-F4C384CFA4DC}.Debug|Win32.Build.0 = Debug|Win32
		{38B05569-3A7A-45A7-93CD-F4C384CFA4DC}.Release|Win32.ActiveCfg = Release|Win32
		{38B05569-3A7A-45A7-93CD-F4C384CFA4DC}.Release|Win32.Build.0 = Release|Win32
		{380694DC-5AD3-440C-9AA3-26C5F101E664}.Debug|Win32.ActiveCfg = Debug|Win32
		{380694DC-5AD3-440C-9AA3-26C5F101E664}.Debug|Win32.Build.0 = Debug|Win32
		{380694DC-5AD3-440C-9AA3-26C5F101E664}.Release|Win32.ActiveCfg = Release|Win32
		{380694DC-5AD3-440C-9AA3-26C5F101E664}.Release|Win32.Build.0 = Release|Win32
		{2824705E-AB0A-4BA6-A007-B2E6BB921A94}.Debug|Win32.ActiveCfg = Debug|Win32
		{2824705E-AB0A-4BA6-A007-B2E6BB921A94}.Debug|Win32.Build.0 = Debug|Win32
		{2824705E-AB0A-4BA6-A007-B2E6BB921A94}.Release|Win32.ActiveCfg = Release|Win32
		{2824705E-AB0A-4BA6-A007-B2E6BB921A94}.Release|Win32.Build.0 = Release|Win32
		{817002CF-6DD8-4AE8-8739-4A2F328BB078}.Debug|Win32.ActiveCfg = Debug|Win32
		{817002CF-6DD8-4AE8-8739-4A2F328BB078}.Debug|Win32.Build.0 = Debug|Win32
		{817002CF-6DD8-4AE8-8739-4A2F328BB078}.Release|Win32.ActiveCfg = Release|Win32
		{817002CF-6DD8-4AE8-8739-4A2F328BB078}.Release|Win32.Build.0 = Release|Win32
		{E935334B-6F06-4A58-9E0A-72A775029ADC}.Debug|Win32.ActiveCfg = Debug|Win32
		{E935334B-6F06-4A58-9E0A-72A775029ADC}.Debug|Win32.Build.0 = Debug|Win32
		{E935334B-6F06-4A58-9E0A-72A775029ADC}.Release|Win32.ActiveCfg = Release|Win32
		{E935334B-6F06-4A58-9E0A-72A775029ADC}.Release|Win32.Build.0 = Release|Win32
		{B44D2BBE-7B57-40F8-88D8-014C9D227AB7}.Debug|Win32.ActiveCfg = Debug|Win32
		{B44D2BBE-7B57-40F8-88D8-014C9D227AB7}.Debug|Win32.Build.0 = Debug|Win32
		{B44D2BBE-7B57-40F8-88D8-014C9D227AB7}.Release|Win32.ActiveCfg = Release|Win32
		{B44D2BBE-7B57-40F8-88D8-014C9D227AB7}.Release|Win32.Build.0 = Release|Win32
		{631C22E5-5A99-499B-827F-E14D14B8B85F}.Debug|Win32.ActiveCfg = Debug|Win32
		{631C22E5-5A99-499B-827F-E14D14B8B85F}.Debug|Win32.Build.0 = Debug|Win32
		{631C22E5-5A99-499B-827F-E14D14B8B85F}.Release|Win32.ActiveCfg = Release|Win32
		{631C22E5-5A99-499B-827F-E14D14B8B85F}.Release|Win32.Build.0 = Release|Win32
	EndGlobalSection
	GlobalSection(SolutionProperties) = preSolution
		HideSolutionNode = FALSE
	EndGlobalSection
EndGlobal
